
Microsoft Visual Studio Solution File, Format Version 12.00
# Visual Studio Version 17
VisualStudioVersion = 17.6.33815.320
MinimumVisualStudioVersion = 10.0.40219.1
Project("{FAE04EC0-301F-11D3-BF4B-00C04F79EFBC}") = "StackLayoutExercise2.Android", "StackLayoutExercise2\StackLayoutExercise2.Android\StackLayoutExercise2.Android.csproj", "{644555EB-B3B3-4482-A7E7-839C45847BF6}"
EndProject
Project("{FAE04EC0-301F-11D3-BF4B-00C04F79EFBC}") = "StackLayoutExercise2.iOS", "StackLayoutExercise2\StackLayoutExercise2.iOS\StackLayoutExercise2.iOS.csproj", "{44FFBC09-6188-4299-889C-3082A646BCFB}"
EndProject
Project("{FAE04EC0-301F-11D3-BF4B-00C04F79EFBC}") = "StackLayoutExercise2", "StackLayoutExercise2\StackLayoutExercise2\StackLayoutExercise2.csproj", "{AB9929E6-41EB-444F-8B23-266F96356036}"
EndProject
Global
	GlobalSection(SolutionConfigurationPlatforms) = preSolution
		Debug|Any CPU = Debug|Any CPU
		Debug|iPhone = Debug|iPhone
		Debug|iPhoneSimulator = Debug|iPhoneSimulator
		Release|Any CPU = Release|Any CPU
		Release|iPhone = Release|iPhone
		Release|iPhoneSimulator = Release|iPhoneSimulator
	EndGlobalSection
	GlobalSection(ProjectConfigurationPlatforms) = postSolution
		{644555EB-B3B3-4482-A7E7-839C45847BF6}.Debug|Any CPU.ActiveCfg = Debug|Any CPU
		{644555EB-B3B3-4482-A7E7-839C45847BF6}.Debug|Any CPU.Build.0 = Debug|Any CPU
		{644555EB-B3B3-4482-A7E7-839C45847BF6}.Debug|Any CPU.Deploy.0 = Debug|Any CPU
		{644555EB-B3B3-4482-A7E7-839C45847BF6}.Debug|iPhone.ActiveCfg = Debug|Any CPU
		{644555EB-B3B3-4482-A7E7-839C45847BF6}.Debug|iPhone.Build.0 = Debug|Any CPU
		{644555EB-B3B3-4482-A7E7-839C45847BF6}.Debug|iPhone.Deploy.0 = Debug|Any CPU
		{644555EB-B3B3-4482-A7E7-839C45847BF6}.Debug|iPhoneSimulator.ActiveCfg = Debug|Any CPU
		{644555EB-B3B3-4482-A7E7-839C45847BF6}.Debug|iPhoneSimulator.Build.0 = Debug|Any CPU
		{644555EB-B3B3-4482-A7E7-839C45847BF6}.Debug|iPhoneSimulator.Deploy.0 = Debug|Any CPU
		{644555EB-B3B3-4482-A7E7-839C45847BF6}.Release|Any CPU.ActiveCfg = Release|Any CPU
		{644555EB-B3B3-4482-A7E7-839C45847BF6}.Release|Any CPU.Build.0 = Release|Any CPU
		{644555EB-B3B3-4482-A7E7-839C45847BF6}.Release|Any CPU.Deploy.0 = Release|Any CPU
		{644555EB-B3B3-4482-A7E7-839C45847BF6}.Release|iPhone.ActiveCfg = Release|Any CPU
		{644555EB-B3B3-4482-A7E7-839C45847BF6}.Release|iPhone.Build.0 = Release|Any CPU
		{644555EB-B3B3-4482-A7E7-839C45847BF6}.Release|iPhone.Deploy.0 = Release|Any CPU
		{644555EB-B3B3-4482-A7E7-839C45847BF6}.Release|iPhoneSimulator.ActiveCfg = Release|Any CPU
		{644555EB-B3B3-4482-A7E7-839C45847BF6}.Release|iPhoneSimulator.Build.0 = Release|Any CPU
		{644555EB-B3B3-4482-A7E7-839C45847BF6}.Release|iPhoneSimulator.Deploy.0 = Release|Any CPU
		{44FFBC09-6188-4299-889C-3082A646BCFB}.Debug|Any CPU.ActiveCfg = Debug|iPhone
		{44FFBC09-6188-4299-889C-3082A646BCFB}.Debug|Any CPU.Build.0 = Debug|iPhone
		{44FFBC09-6188-4299-889C-3082A646BCFB}.Debug|Any CPU.Deploy.0 = Debug|iPhone
		{44FFBC09-6188-4299-889C-3082A646BCFB}.Debug|iPhone.ActiveCfg = Debug|iPhone
		{44FFBC09-6188-4299-889C-3082A646BCFB}.Debug|iPhone.Build.0 = Debug|iPhone
		{44FFBC09-6188-4299-889C-3082A646BCFB}.Debug|iPhone.Deploy.0 = Debug|iPhone
		{44FFBC09-6188-4299-889C-3082A646BCFB}.Debug|iPhoneSimulator.ActiveCfg = Debug|iPhoneSimulator
		{44FFBC09-6188-4299-889C-3082A646BCFB}.Debug|iPhoneSimulator.Build.0 = Debug|iPhoneSimulator
		{44FFBC09-6188-4299-889C-3082A646BCFB}.Debug|iPhoneSimulator.Deploy.0 = Debug|iPhoneSimulator
		{44FFBC09-6188-4299-889C-3082A646BCFB}.Release|Any CPU.ActiveCfg = Release|iPhoneSimulator
		{44FFBC09-6188-4299-889C-3082A646BCFB}.Release|Any CPU.Build.0 = Release|iPhoneSimulator
		{44FFBC09-6188-4299-889C-3082A646BCFB}.Release|Any CPU.Deploy.0 = Release|iPhoneSimulator
		{44FFBC09-6188-4299-889C-3082A646BCFB}.Release|iPhone.ActiveCfg = Release|iPhone
		{44FFBC09-6188-4299-889C-3082A646BCFB}.Release|iPhone.Build.0 = Release|iPhone
		{44FFBC09-6188-4299-889C-3082A646BCFB}.Release|iPhone.Deploy.0 = Release|iPhone
		{44FFBC09-6188-4299-889C-3082A646BCFB}.Release|iPhoneSimulator.ActiveCfg = Release|iPhoneSimulator
		{44FFBC09-6188-4299-889C-3082A646BCFB}.Release|iPhoneSimulator.Build.0 = Release|iPhoneSimulator
		{44FFBC09-6188-4299-889C-3082A646BCFB}.Release|iPhoneSimulator.Deploy.0 = Release|iPhoneSimulator
		{AB9929E6-41EB-444F-8B23-266F96356036}.Debug|Any CPU.ActiveCfg = Debug|Any CPU
		{AB9929E6-41EB-444F-8B23-266F96356036}.Debug|Any CPU.Build.0 = Debug|Any CPU
		{AB9929E6-41EB-444F-8B23-266F96356036}.Debug|Any CPU.Deploy.0 = Debug|Any CPU
		{AB9929E6-41EB-444F-8B23-266F96356036}.Debug|iPhone.ActiveCfg = Debug|Any CPU
		{AB9929E6-41EB-444F-8B23-266F96356036}.Debug|iPhone.Build.0 = Debug|Any CPU
		{AB9929E6-41EB-444F-8B23-266F96356036}.Debug|iPhone.Deploy.0 = Debug|Any CPU
		{AB9929E6-41EB-444F-8B23-266F96356036}.Debug|iPhoneSimulator.ActiveCfg = Debug|Any CPU
		{AB9929E6-41EB-444F-8B23-266F96356036}.Debug|iPhoneSimulator.Build.0 = Debug|Any CPU
		{AB9929E6-41EB-444F-8B23-266F96356036}.Debug|iPhoneSimulator.Deploy.0 = Debug|Any CPU
		{AB9929E6-41EB-444F-8B23-266F96356036}.Release|Any CPU.ActiveCfg = Release|Any CPU
		{AB9929E6-41EB-444F-8B23-266F96356036}.Release|Any CPU.Build.0 = Release|Any CPU
		{AB9929E6-41EB-444F-8B23-266F96356036}.Release|Any CPU.Deploy.0 = Release|Any CPU
		{AB9929E6-41EB-444F-8B23-266F96356036}.Release|iPhone.ActiveCfg = Release|Any CPU
		{AB9929E6-41EB-444F-8B23-266F96356036}.Release|iPhone.Build.0 = Release|Any CPU
		{AB9929E6-41EB-444F-8B23-266F96356036}.Release|iPhone.Deploy.0 = Release|Any CPU
		{AB9929E6-41EB-444F-8B23-266F96356036}.Release|iPhoneSimulator.ActiveCfg = Release|Any CPU
		{AB9929E6-41EB-444F-8B23-266F96356036}.Release|iPhoneSimulator.Build.0 = Release|Any CPU
		{AB9929E6-41EB-444F-8B23-266F96356036}.Release|iPhoneSimulator.Deploy.0 = Release|Any CPU
	EndGlobalSection
	GlobalSection(SolutionProperties) = preSolution
		HideSolutionNode = FALSE
	EndGlobalSection
	GlobalSection(ExtensibilityGlobals) = postSolution
		SolutionGuid = {B73367CE-1CB6-403D-90B0-0ECA0E173DFF}
	EndGlobalSection
EndGlobal
